{
  "name": "kratos-framework",
  "version": "2.2.0",
  "lockfileVersion": 3,
  "requires": true,
  "packages": {
    "": {
      "name": "kratos-framework",
      "version": "2.2.0",
      "deprecated": "This package is no longer maintained. Use symphony-framework instead.",
      "license": "AGPL-3.0"
    }
  }
}
